
Microsoft Visual Studio Solution File, Format Version 12.00
# Visual Studio Version 17
VisualStudioVersion = 17.0.31903.59
MinimumVisualStudioVersion = 10.0.40219.1
Project("{2150E333-8FDC-42A3-9474-1A3956D46DE8}") = "src", "src", "{827E0CD3-B72D-47B6-A68D-7590B98EB39B}"
EndProject
Project("{FAE04EC0-301F-11D3-BF4B-00C04F79EFBC}") = "BancoKRT.Application", "src\BancoKRT.Application\BancoKRT.Application.csproj", "{01699466-D9C6-4376-A066-7FA80D196D7E}"
EndProject
Project("{FAE04EC0-301F-11D3-BF4B-00C04F79EFBC}") = "BancoKRT.Domain", "src\BancoKRT.Domain\BancoKRT.Domain.csproj", "{8A91932A-75A3-462D-AE29-119B6851E125}"
EndProject
Project("{FAE04EC0-301F-11D3-BF4B-00C04F79EFBC}") = "BancoKRT.Infrastructure", "src\BancoKRT.Infrastructure\BancoKRT.Infrastructure.csproj", "{667BFC4F-E9E9-42F1-A330-DC9C087A54F9}"
EndProject
Project("{2150E333-8FDC-42A3-9474-1A3956D46DE8}") = "tests", "tests", "{0AB3BF05-4346-4AA6-1389-037BE0695223}"
EndProject
Project("{FAE04EC0-301F-11D3-BF4B-00C04F79EFBC}") = "BancoKRT.Tests", "tests\BancoKRT.Tests\BancoKRT.Tests.csproj", "{8F3C6261-2C91-42ED-A095-3CDDFD59EAED}"
EndProject
Project("{FAE04EC0-301F-11D3-BF4B-00C04F79EFBC}") = "BancoKRT.Api", "src\BancoKRT.Api\BancoKRT.Api.csproj", "{47CAE21F-9714-4B43-BC60-24CFEE0DFB29}"
EndProject
Global
	GlobalSection(SolutionConfigurationPlatforms) = preSolution
		Debug|Any CPU = Debug|Any CPU
		Debug|x64 = Debug|x64
		Debug|x86 = Debug|x86
		Release|Any CPU = Release|Any CPU
		Release|x64 = Release|x64
		Release|x86 = Release|x86
	EndGlobalSection
	GlobalSection(ProjectConfigurationPlatforms) = postSolution
		{01699466-D9C6-4376-A066-7FA80D196D7E}.Debug|Any CPU.ActiveCfg = Debug|Any CPU
		{01699466-D9C6-4376-A066-7FA80D196D7E}.Debug|Any CPU.Build.0 = Debug|Any CPU
		{01699466-D9C6-4376-A066-7FA80D196D7E}.Debug|x64.ActiveCfg = Debug|Any CPU
		{01699466-D9C6-4376-A066-7FA80D196D7E}.Debug|x64.Build.0 = Debug|Any CPU
		{01699466-D9C6-4376-A066-7FA80D196D7E}.Debug|x86.ActiveCfg = Debug|Any CPU
		{01699466-D9C6-4376-A066-7FA80D196D7E}.Debug|x86.Build.0 = Debug|Any CPU
		{01699466-D9C6-4376-A066-7FA80D196D7E}.Release|Any CPU.ActiveCfg = Release|Any CPU
		{01699466-D9C6-4376-A066-7FA80D196D7E}.Release|Any CPU.Build.0 = Release|Any CPU
		{01699466-D9C6-4376-A066-7FA80D196D7E}.Release|x64.ActiveCfg = Release|Any CPU
		{01699466-D9C6-4376-A066-7FA80D196D7E}.Release|x64.Build.0 = Release|Any CPU
		{01699466-D9C6-4376-A066-7FA80D196D7E}.Release|x86.ActiveCfg = Release|Any CPU
		{01699466-D9C6-4376-A066-7FA80D196D7E}.Release|x86.Build.0 = Release|Any CPU
		{8A91932A-75A3-462D-AE29-119B6851E125}.Debug|Any CPU.ActiveCfg = Debug|Any CPU
		{8A91932A-75A3-462D-AE29-119B6851E125}.Debug|Any CPU.Build.0 = Debug|Any CPU
		{8A91932A-75A3-462D-AE29-119B6851E125}.Debug|x64.ActiveCfg = Debug|Any CPU
		{8A91932A-75A3-462D-AE29-119B6851E125}.Debug|x64.Build.0 = Debug|Any CPU
		{8A91932A-75A3-462D-AE29-119B6851E125}.Debug|x86.ActiveCfg = Debug|Any CPU
		{8A91932A-75A3-462D-AE29-119B6851E125}.Debug|x86.Build.0 = Debug|Any CPU
		{8A91932A-75A3-462D-AE29-119B6851E125}.Release|Any CPU.ActiveCfg = Release|Any CPU
		{8A91932A-75A3-462D-AE29-119B6851E125}.Release|Any CPU.Build.0 = Release|Any CPU
		{8A91932A-75A3-462D-AE29-119B6851E125}.Release|x64.ActiveCfg = Release|Any CPU
		{8A91932A-75A3-462D-AE29-119B6851E125}.Release|x64.Build.0 = Release|Any CPU
		{8A91932A-75A3-462D-AE29-119B6851E125}.Release|x86.ActiveCfg = Release|Any CPU
		{8A91932A-75A3-462D-AE29-119B6851E125}.Release|x86.Build.0 = Release|Any CPU
		{667BFC4F-E9E9-42F1-A330-DC9C087A54F9}.Debug|Any CPU.ActiveCfg = Debug|Any CPU
		{667BFC4F-E9E9-42F1-A330-DC9C087A54F9}.Debug|Any CPU.Build.0 = Debug|Any CPU
		{667BFC4F-E9E9-42F1-A330-DC9C087A54F9}.Debug|x64.ActiveCfg = Debug|Any CPU
		{667BFC4F-E9E9-42F1-A330-DC9C087A54F9}.Debug|x64.Build.0 = Debug|Any CPU
		{667BFC4F-E9E9-42F1-A330-DC9C087A54F9}.Debug|x86.ActiveCfg = Debug|Any CPU
		{667BFC4F-E9E9-42F1-A330-DC9C087A54F9}.Debug|x86.Build.0 = Debug|Any CPU
		{667BFC4F-E9E9-42F1-A330-DC9C087A54F9}.Release|Any CPU.ActiveCfg = Release|Any CPU
		{667BFC4F-E9E9-42F1-A330-DC9C087A54F9}.Release|Any CPU.Build.0 = Release|Any CPU
		{667BFC4F-E9E9-42F1-A330-DC9C087A54F9}.Release|x64.ActiveCfg = Release|Any CPU
		{667BFC4F-E9E9-42F1-A330-DC9C087A54F9}.Release|x64.Build.0 = Release|Any CPU
		{667BFC4F-E9E9-42F1-A330-DC9C087A54F9}.Release|x86.ActiveCfg = Release|Any CPU
		{667BFC4F-E9E9-42F1-A330-DC9C087A54F9}.Release|x86.Build.0 = Release|Any CPU
		{8F3C6261-2C91-42ED-A095-3CDDFD59EAED}.Debug|Any CPU.ActiveCfg = Debug|Any CPU
		{8F3C6261-2C91-42ED-A095-3CDDFD59EAED}.Debug|Any CPU.Build.0 = Debug|Any CPU
		{8F3C6261-2C91-42ED-A095-3CDDFD59EAED}.Debug|x64.ActiveCfg = Debug|Any CPU
		{8F3C6261-2C91-42ED-A095-3CDDFD59EAED}.Debug|x64.Build.0 = Debug|Any CPU
		{8F3C6261-2C91-42ED-A095-3CDDFD59EAED}.Debug|x86.ActiveCfg = Debug|Any CPU
		{8F3C6261-2C91-42ED-A095-3CDDFD59EAED}.Debug|x86.Build.0 = Debug|Any CPU
		{8F3C6261-2C91-42ED-A095-3CDDFD59EAED}.Release|Any CPU.ActiveCfg = Release|Any CPU
		{8F3C6261-2C91-42ED-A095-3CDDFD59EAED}.Release|Any CPU.Build.0 = Release|Any CPU
		{8F3C6261-2C91-42ED-A095-3CDDFD59EAED}.Release|x64.ActiveCfg = Release|Any CPU
		{8F3C6261-2C91-42ED-A095-3CDDFD59EAED}.Release|x64.Build.0 = Release|Any CPU
		{8F3C6261-2C91-42ED-A095-3CDDFD59EAED}.Release|x86.ActiveCfg = Release|Any CPU
		{8F3C6261-2C91-42ED-A095-3CDDFD59EAED}.Release|x86.Build.0 = Release|Any CPU
		{47CAE21F-9714-4B43-BC60-24CFEE0DFB29}.Debug|Any CPU.ActiveCfg = Debug|Any CPU
		{47CAE21F-9714-4B43-BC60-24CFEE0DFB29}.Debug|Any CPU.Build.0 = Debug|Any CPU
		{47CAE21F-9714-4B43-BC60-24CFEE0DFB29}.Debug|x64.ActiveCfg = Debug|Any CPU
		{47CAE21F-9714-4B43-BC60-24CFEE0DFB29}.Debug|x64.Build.0 = Debug|Any CPU
		{47CAE21F-9714-4B43-BC60-24CFEE0DFB29}.Debug|x86.ActiveCfg = Debug|Any CPU
		{47CAE21F-9714-4B43-BC60-24CFEE0DFB29}.Debug|x86.Build.0 = Debug|Any CPU
		{47CAE21F-9714-4B43-BC60-24CFEE0DFB29}.Release|Any CPU.ActiveCfg = Release|Any CPU
		{47CAE21F-9714-4B43-BC60-24CFEE0DFB29}.Release|Any CPU.Build.0 = Release|Any CPU
		{47CAE21F-9714-4B43-BC60-24CFEE0DFB29}.Release|x64.ActiveCfg = Release|Any CPU
		{47CAE21F-9714-4B43-BC60-24CFEE0DFB29}.Release|x64.Build.0 = Release|Any CPU
		{47CAE21F-9714-4B43-BC60-24CFEE0DFB29}.Release|x86.ActiveCfg = Release|Any CPU
		{47CAE21F-9714-4B43-BC60-24CFEE0DFB29}.Release|x86.Build.0 = Release|Any CPU
	EndGlobalSection
	GlobalSection(SolutionProperties) = preSolution
		HideSolutionNode = FALSE
	EndGlobalSection
	GlobalSection(NestedProjects) = preSolution
		{01699466-D9C6-4376-A066-7FA80D196D7E} = {827E0CD3-B72D-47B6-A68D-7590B98EB39B}
		{8A91932A-75A3-462D-AE29-119B6851E125} = {827E0CD3-B72D-47B6-A68D-7590B98EB39B}
		{667BFC4F-E9E9-42F1-A330-DC9C087A54F9} = {827E0CD3-B72D-47B6-A68D-7590B98EB39B}
		{8F3C6261-2C91-42ED-A095-3CDDFD59EAED} = {0AB3BF05-4346-4AA6-1389-037BE0695223}
		{47CAE21F-9714-4B43-BC60-24CFEE0DFB29} = {827E0CD3-B72D-47B6-A68D-7590B98EB39B}
	EndGlobalSection
	GlobalSection(ExtensibilityGlobals) = postSolution
		SolutionGuid = {A7418221-BC69-43B3-A57D-9ADC8CB6C7AB}
	EndGlobalSection
EndGlobal
